
Microsoft Visual Studio Solution File, Format Version 11.00
# Visual Studio 2010
Project("{FAE04EC0-301F-11D3-BF4B-00C04F79EFBC}") = "Assembly-CSharp", "Assembly-CSharp.csproj", "{bb8c2c2f-8f1c-4f7e-a51f-49760b8e12d4}"
EndProject
Project("{FAE04EC0-301F-11D3-BF4B-00C04F79EFBC}") = "Assembly-CSharp-Editor", "Assembly-CSharp-Editor.csproj", "{31873815-9ed4-01ce-563f-ed977933f2db}"
EndProject
Global
	GlobalSection(SolutionConfigurationPlatforms) = preSolution
		Debug|Any CPU = Debug|Any CPU
	EndGlobalSection
	GlobalSection(ProjectConfigurationPlatforms) = postSolution
		{bb8c2c2f-8f1c-4f7e-a51f-49760b8e12d4}.Debug|Any CPU.ActiveCfg = Debug|Any CPU
		{bb8c2c2f-8f1c-4f7e-a51f-49760b8e12d4}.Debug|Any CPU.Build.0 = Debug|Any CPU
		{31873815-9ed4-01ce-563f-ed977933f2db}.Debug|Any CPU.ActiveCfg = Debug|Any CPU
		{31873815-9ed4-01ce-563f-ed977933f2db}.Debug|Any CPU.Build.0 = Debug|Any CPU
	EndGlobalSection
	GlobalSection(SolutionProperties) = preSolution
		HideSolutionNode = FALSE
	EndGlobalSection
EndGlobal
